
Microsoft Visual Studio Solution File, Format Version 12.00
# Visual Studio Version 16
VisualStudioVersion = 16.0.31727.386
MinimumVisualStudioVersion = 10.0.40219.1
Project("{8BC9CEB8-8B4A-11D0-8D11-00A0C91BC942}") = "StinkyLoader", "StinkyLoader\StinkyLoader.vcxproj", "{959D9474-432B-4126-B617-96F890FA1B61}"
EndProject
Project("{8BC9CEB8-8B4A-11D0-8D11-00A0C91BC942}") = "DummyDll", "DummyDll\DummyDll.vcxproj", "{B949680A-A51F-4D17-946A-A7149763FC3E}"
EndProject
Global
	GlobalSection(SolutionConfigurationPlatforms) = preSolution
		Debug|x64 = Debug|x64
		Debug|x86 = Debug|x86
		Release|x64 = Release|x64
		Release|x86 = Release|x86
	EndGlobalSection
	GlobalSection(ProjectConfigurationPlatforms) = postSolution
		{959D9474-432B-4126-B617-96F890FA1B61}.Debug|x64.ActiveCfg = Debug|x64
		{959D9474-432B-4126-B617-96F890FA1B61}.Debug|x64.Build.0 = Debug|x64
		{959D9474-432B-4126-B617-96F890FA1B61}.Debug|x86.ActiveCfg = Debug|Win32
		{959D9474-432B-4126-B617-96F890FA1B61}.Debug|x86.Build.0 = Debug|Win32
		{959D9474-432B-4126-B617-96F890FA1B61}.Release|x64.ActiveCfg = Release|x64
		{959D9474-432B-4126-B617-96F890FA1B61}.Release|x64.Build.0 = Release|x64
		{959D9474-432B-4126-B617-96F890FA1B61}.Release|x86.ActiveCfg = Release|Win32
		{959D9474-432B-4126-B617-96F890FA1B61}.Release|x86.Build.0 = Release|Win32
		{B949680A-A51F-4D17-946A-A7149763FC3E}.Debug|x64.ActiveCfg = Debug|x64
		{B949680A-A51F-4D17-946A-A7149763FC3E}.Debug|x64.Build.0 = Debug|x64
		{B949680A-A51F-4D17-946A-A7149763FC3E}.Debug|x86.ActiveCfg = Debug|Win32
		{B949680A-A51F-4D17-946A-A7149763FC3E}.Debug|x86.Build.0 = Debug|Win32
		{B949680A-A51F-4D17-946A-A7149763FC3E}.Release|x64.ActiveCfg = Release|x64
		{B949680A-A51F-4D17-946A-A7149763FC3E}.Release|x64.Build.0 = Release|x64
		{B949680A-A51F-4D17-946A-A7149763FC3E}.Release|x86.ActiveCfg = Release|Win32
		{B949680A-A51F-4D17-946A-A7149763FC3E}.Release|x86.Build.0 = Release|Win32
	EndGlobalSection
	GlobalSection(SolutionProperties) = preSolution
		HideSolutionNode = FALSE
	EndGlobalSection
	GlobalSection(ExtensibilityGlobals) = postSolution
		SolutionGuid = {C30C5C33-8E37-499C-AFD9-BE5A2E8448AE}
	EndGlobalSection
EndGlobal
